
Microsoft Visual Studio Solution File, Format Version 12.00
# Visual Studio Version 17
VisualStudioVersion = 17.13.35919.96 d17.13
MinimumVisualStudioVersion = 10.0.40219.1
Project("{FAE04EC0-301F-11D3-BF4B-00C04F79EFBC}") = "Client", "Client\Client.csproj", "{75BEE20C-17F9-4635-89B5-B8385D95E892}"
EndProject
Global
	GlobalSection(SolutionConfigurationPlatforms) = preSolution
		Debug|Any CPU = Debug|Any CPU
		Release|Any CPU = Release|Any CPU
	EndGlobalSection
	GlobalSection(ProjectConfigurationPlatforms) = postSolution
		{75BEE20C-17F9-4635-89B5-B8385D95E892}.Debug|Any CPU.ActiveCfg = Debug|Any CPU
		{75BEE20C-17F9-4635-89B5-B8385D95E892}.Debug|Any CPU.Build.0 = Debug|Any CPU
		{75BEE20C-17F9-4635-89B5-B8385D95E892}.Release|Any CPU.ActiveCfg = Release|Any CPU
		{75BEE20C-17F9-4635-89B5-B8385D95E892}.Release|Any CPU.Build.0 = Release|Any CPU
	EndGlobalSection
	GlobalSection(SolutionProperties) = preSolution
		HideSolutionNode = FALSE
	EndGlobalSection
	GlobalSection(ExtensibilityGlobals) = postSolution
		SolutionGuid = {EB05D6F8-CFC9-4690-B29D-21013FB65B30}
	EndGlobalSection
EndGlobal
